
Microsoft Visual Studio Solution File, Format Version 12.00
Project("{FAE04EC0-301F-11D3-BF4B-00C04F79EFBC}") = "WarehouseApp", "WarehouseApp\WarehouseApp.csproj", "{8E3908CA-A0E0-4BCD-A2A2-399E4DF1DD60}"
EndProject
Project("{FAE04EC0-301F-11D3-BF4B-00C04F79EFBC}") = "WarehouseApp.Tests", "WarehouseApp.Tests\WarehouseApp.Tests.csproj", "{6B2B6F6C-C072-4AAF-BAC3-FF7A4ECFEB97}"
EndProject
Global
	GlobalSection(SolutionConfigurationPlatforms) = preSolution
		Debug|Any CPU = Debug|Any CPU
		Release|Any CPU = Release|Any CPU
	EndGlobalSection
	GlobalSection(ProjectConfigurationPlatforms) = postSolution
		{8E3908CA-A0E0-4BCD-A2A2-399E4DF1DD60}.Debug|Any CPU.ActiveCfg = Debug|Any CPU
		{8E3908CA-A0E0-4BCD-A2A2-399E4DF1DD60}.Debug|Any CPU.Build.0 = Debug|Any CPU
		{8E3908CA-A0E0-4BCD-A2A2-399E4DF1DD60}.Release|Any CPU.ActiveCfg = Release|Any CPU
		{8E3908CA-A0E0-4BCD-A2A2-399E4DF1DD60}.Release|Any CPU.Build.0 = Release|Any CPU
		{6B2B6F6C-C072-4AAF-BAC3-FF7A4ECFEB97}.Debug|Any CPU.ActiveCfg = Debug|Any CPU
		{6B2B6F6C-C072-4AAF-BAC3-FF7A4ECFEB97}.Debug|Any CPU.Build.0 = Debug|Any CPU
		{6B2B6F6C-C072-4AAF-BAC3-FF7A4ECFEB97}.Release|Any CPU.ActiveCfg = Release|Any CPU
		{6B2B6F6C-C072-4AAF-BAC3-FF7A4ECFEB97}.Release|Any CPU.Build.0 = Release|Any CPU
	EndGlobalSection
EndGlobal
